{
  "name": "xstate-ts-to-mermaid",
  "version": "0.1.0",
  "lockfileVersion": 3,
  "requires": true,
  "packages": {
    "": {
      "name": "xstate-ts-to-mermaid",
      "version": "0.1.0",
      "license": "MIT",
      "devDependencies": {
        "@xstate/graph": "^3.0.4",
        "typescript": "^5",
        "xstate": "^5.25.0"
      },
      "peerDependencies": {
        "@xstate/graph": "^3.0.0",
        "xstate": "^5.0.0"
      }
    },
    "node_modules/@xstate/graph": {
      "version": "3.0.4",
      "resolved": "https://registry.npmjs.org/@xstate/graph/-/graph-3.0.4.tgz",
      "integrity": "sha512-b12RA7E//+7FJVrD09Td+BhHRJbeKZnK+98xXBd+JmccG360xVP1lyzVhUZPgBgwPdmIGBJqhKzmWYJQ9c8ojQ==",
      "dev": true,
      "license": "MIT",
      "peerDependencies": {
        "xstate": "^5.19.4"
      }
    },
    "node_modules/typescript": {
      "version": "5.9.3",
      "resolved": "https://registry.npmjs.org/typescript/-/typescript-5.9.3.tgz",
      "integrity": "sha512-jl1vZzPDinLr9eUt3J/t7V6FgNEw9QjvBPdysz9KfQDD41fQrC2Y4vKQdiaUpFT4bXlb1RHhLpp8wtm6M5TgSw==",
      "dev": true,
      "license": "Apache-2.0",
      "bin": {
        "tsc": "bin/tsc",
        "tsserver": "bin/tsserver"
      },
      "engines": {
        "node": ">=14.17"
      }
    },
    "node_modules/xstate": {
      "version": "5.25.0",
      "resolved": "https://registry.npmjs.org/xstate/-/xstate-5.25.0.tgz",
      "integrity": "sha512-yyWzfhVRoTHNLjLoMmdwZGagAYfmnzpm9gPjlX2MhJZsDojXGqRxODDOi4BsgGRKD46NZRAdcLp6CKOyvQS0Bw==",
      "dev": true,
      "license": "MIT",
      "funding": {
        "type": "opencollective",
        "url": "https://opencollective.com/xstate"
      }
    }
  }
}
